// !$*UTF8*$!
{
	archiveVersion = 1;
	classes = {
	};
	objectVersion = 56;
	objects = {

/* Begin PBXBuildFile section */
		2CECD0CABCAA4CC61E4AB183 /* Pods_EquipmentMaintainance.framework in Frameworks */ = {isa = PBXBuildFile; fileRef = 488221D79784596DC471FE92 /* Pods_EquipmentMaintainance.framework */; };
		5F25E1C8291CBBD600484F90 /* AppDelegate.swift in Sources */ = {isa = PBXBuildFile; fileRef = 5F25E1C7291CBBD600484F90 /* AppDelegate.swift */; };
		5F25E1CA291CBBD600484F90 /* SceneDelegate.swift in Sources */ = {isa = PBXBuildFile; fileRef = 5F25E1C9291CBBD600484F90 /* SceneDelegate.swift */; };
		5F25E1CC291CBBD600484F90 /* ViewController.swift in Sources */ = {isa = PBXBuildFile; fileRef = 5F25E1CB291CBBD600484F90 /* ViewController.swift */; };
		5F25E1CF291CBBD600484F90 /* Main.storyboard in Resources */ = {isa = PBXBuildFile; fileRef = 5F25E1CD291CBBD600484F90 /* Main.storyboard */; };
		5F25E1D1291CBBD800484F90 /* Assets.xcassets in Resources */ = {isa = PBXBuildFile; fileRef = 5F25E1D0291CBBD800484F90 /* Assets.xcassets */; };
		5F25E1D4291CBBD800484F90 /* LaunchScreen.storyboard in Resources */ = {isa = PBXBuildFile; fileRef = 5F25E1D2291CBBD800484F90 /* LaunchScreen.storyboard */; };
		5F25E1DC291CC29100484F90 /* GoogleService-Info.plist in Resources */ = {isa = PBXBuildFile; fileRef = 5F25E1DB291CC29000484F90 /* GoogleService-Info.plist */; };
		5F25E1E0291CD13B00484F90 /* FirebaseAnalytics in Frameworks */ = {isa = PBXBuildFile; productRef = 5F25E1DF291CD13B00484F90 /* FirebaseAnalytics */; };
		5F25E1E2291CD13B00484F90 /* FirebaseAuth in Frameworks */ = {isa = PBXBuildFile; productRef = 5F25E1E1291CD13B00484F90 /* FirebaseAuth */; };
		5F25E1E4291CD13B00484F90 /* FirebaseDatabase in Frameworks */ = {isa = PBXBuildFile; productRef = 5F25E1E3291CD13B00484F90 /* FirebaseDatabase */; };
		5F25E1E6291CD13B00484F90 /* FirebaseFirestore in Frameworks */ = {isa = PBXBuildFile; productRef = 5F25E1E5291CD13B00484F90 /* FirebaseFirestore */; };
		5F25E1E9291CD46000484F90 /* StringExtensions.swift in Sources */ = {isa = PBXBuildFile; fileRef = 5F25E1E8291CD46000484F90 /* StringExtensions.swift */; };
		5F25E1EB291CDBFE00484F90 /* KeychainService.swift in Sources */ = {isa = PBXBuildFile; fileRef = 5F25E1EA291CDBFE00484F90 /* KeychainService.swift */; };
/* End PBXBuildFile section */

/* Begin PBXFileReference section */
		488221D79784596DC471FE92 /* Pods_EquipmentMaintainance.framework */ = {isa = PBXFileReference; explicitFileType = wrapper.framework; includeInIndex = 0; path = Pods_EquipmentMaintainance.framework; sourceTree = BUILT_PRODUCTS_DIR; };
		4C6742C195235E6848E41003 /* Pods-EquipmentMaintainance.debug.xcconfig */ = {isa = PBXFileReference; includeInIndex = 1; lastKnownFileType = text.xcconfig; name = "Pods-EquipmentMaintainance.debug.xcconfig"; path = "Target Support Files/Pods-EquipmentMaintainance/Pods-EquipmentMaintainance.debug.xcconfig"; sourceTree = "<group>"; };
		5F25E1C4291CBBD600484F90 /* EquipmentMaintainance.app */ = {isa = PBXFileReference; explicitFileType = wrapper.application; includeInIndex = 0; path = EquipmentMaintainance.app; sourceTree = BUILT_PRODUCTS_DIR; };
		5F25E1C7291CBBD600484F90 /* AppDelegate.swift */ = {isa = PBXFileReference; lastKnownFileType = sourcecode.swift; path = AppDelegate.swift; sourceTree = "<group>"; };
		5F25E1C9291CBBD600484F90 /* SceneDelegate.swift */ = {isa = PBXFileReference; lastKnownFileType = sourcecode.swift; path = SceneDelegate.swift; sourceTree = "<group>"; };
		5F25E1CB291CBBD600484F90 /* ViewController.swift */ = {isa = PBXFileReference; lastKnownFileType = sourcecode.swift; path = ViewController.swift; sourceTree = "<group>"; };
		5F25E1CE291CBBD600484F90 /* Base */ = {isa = PBXFileReference; lastKnownFileType = file.storyboard; name = Base; path = Base.lproj/Main.storyboard; sourceTree = "<group>"; };
		5F25E1D0291CBBD800484F90 /* Assets.xcassets */ = {isa = PBXFileReference; lastKnownFileType = folder.assetcatalog; path = Assets.xcassets; sourceTree = "<group>"; };
		5F25E1D3291CBBD800484F90 /* Base */ = {isa = PBXFileReference; lastKnownFileType = file.storyboard; name = Base; path = Base.lproj/LaunchScreen.storyboard; sourceTree = "<group>"; };
		5F25E1D5291CBBD800484F90 /* Info.plist */ = {isa = PBXFileReference; lastKnownFileType = text.plist.xml; path = Info.plist; sourceTree = "<group>"; };
		5F25E1DB291CC29000484F90 /* GoogleService-Info.plist */ = {isa = PBXFileReference; fileEncoding = 4; lastKnownFileType = text.plist.xml; name = "GoogleService-Info.plist"; path = "../../../../Downloads/GoogleService-Info.plist"; sourceTree = "<group>"; };
		5F25E1E8291CD46000484F90 /* StringExtensions.swift */ = {isa = PBXFileReference; lastKnownFileType = sourcecode.swift; path = StringExtensions.swift; sourceTree = "<group>"; };
		5F25E1EA291CDBFE00484F90 /* KeychainService.swift */ = {isa = PBXFileReference; lastKnownFileType = sourcecode.swift; path = KeychainService.swift; sourceTree = "<group>"; };
		832C6002D940A379855EE905 /* Pods-EquipmentMaintainance.release.xcconfig */ = {isa = PBXFileReference; includeInIndex = 1; lastKnownFileType = text.xcconfig; name = "Pods-EquipmentMaintainance.release.xcconfig"; path = "Target Support Files/Pods-EquipmentMaintainance/Pods-EquipmentMaintainance.release.xcconfig"; sourceTree = "<group>"; };
/* End PBXFileReference section */

/* Begin PBXFrameworksBuildPhase section */
		5F25E1C1291CBBD600484F90 /* Frameworks */ = {
			isa = PBXFrameworksBuildPhase;
			buildActionMask = 2147483647;
			files = (
				5F25E1E4291CD13B00484F90 /* FirebaseDatabase in Frameworks */,
				5F25E1E6291CD13B00484F90 /* FirebaseFirestore in Frameworks */,
				5F25E1E0291CD13B00484F90 /* FirebaseAnalytics in Frameworks */,
				5F25E1E2291CD13B00484F90 /* FirebaseAuth in Frameworks */,
				2CECD0CABCAA4CC61E4AB183 /* Pods_EquipmentMaintainance.framework in Frameworks */,
			);
			runOnlyForDeploymentPostprocessing = 0;
		};
/* End PBXFrameworksBuildPhase section */

/* Begin PBXGroup section */
		5F25E1BB291CBBD600484F90 = {
			isa = PBXGroup;
			children = (
				5F25E1C6291CBBD600484F90 /* EquipmentMaintainance */,
				5F25E1C5291CBBD600484F90 /* Products */,
				9271A7513B836B21C9D6A6A3 /* Pods */,
				D2C7701B61AC47BB02D31539 /* Frameworks */,
			);
			sourceTree = "<group>";
		};
		5F25E1C5291CBBD600484F90 /* Products */ = {
			isa = PBXGroup;
			children = (
				5F25E1C4291CBBD600484F90 /* EquipmentMaintainance.app */,
			);
			name = Products;
			sourceTree = "<group>";
		};
		5F25E1C6291CBBD600484F90 /* EquipmentMaintainance */ = {
			isa = PBXGroup;
			children = (
				5F25E1E7291CD43600484F90 /* Utlities */,
				5F25E1C7291CBBD600484F90 /* AppDelegate.swift */,
				5F25E1C9291CBBD600484F90 /* SceneDelegate.swift */,
				5F25E1CB291CBBD600484F90 /* ViewController.swift */,
				5F25E1CD291CBBD600484F90 /* Main.storyboard */,
				5F25E1D0291CBBD800484F90 /* Assets.xcassets */,
				5F25E1D2291CBBD800484F90 /* LaunchScreen.storyboard */,
				5F25E1D5291CBBD800484F90 /* Info.plist */,
				5F25E1DB291CC29000484F90 /* GoogleService-Info.plist */,
			);
			path = EquipmentMaintainance;
			sourceTree = "<group>";
		};
		5F25E1E7291CD43600484F90 /* Utlities */ = {
			isa = PBXGroup;
			children = (
				5F25E1E8291CD46000484F90 /* StringExtensions.swift */,
				5F25E1EA291CDBFE00484F90 /* KeychainService.swift */,
			);
			path = Utlities;
			sourceTree = "<group>";
		};
		9271A7513B836B21C9D6A6A3 /* Pods */ = {
			isa = PBXGroup;
			children = (
				4C6742C195235E6848E41003 /* Pods-EquipmentMaintainance.debug.xcconfig */,
				832C6002D940A379855EE905 /* Pods-EquipmentMaintainance.release.xcconfig */,
			);
			path = Pods;
			sourceTree = "<group>";
		};
		D2C7701B61AC47BB02D31539 /* Frameworks */ = {
			isa = PBXGroup;
			children = (
				488221D79784596DC471FE92 /* Pods_EquipmentMaintainance.framework */,
			);
			name = Frameworks;
			sourceTree = "<group>";
		};
/* End PBXGroup section */

/* Begin PBXNativeTarget section */
		5F25E1C3291CBBD600484F90 /* EquipmentMaintainance */ = {
			isa = PBXNativeTarget;
			buildConfigurationList = 5F25E1D8291CBBD800484F90 /* Build configuration list for PBXNativeTarget "EquipmentMaintainance" */;
			buildPhases = (
				4D0EC29695201AC5A0D133E4 /* [CP] Check Pods Manifest.lock */,
				5F25E1C0291CBBD600484F90 /* Sources */,
				5F25E1C1291CBBD600484F90 /* Frameworks */,
				5F25E1C2291CBBD600484F90 /* Resources */,
				0994F487F90CB7E47C39AF5C /* [CP] Embed Pods Frameworks */,
			);
			buildRules = (
			);
			dependencies = (
			);
			name = EquipmentMaintainance;
			packageProductDependencies = (
				5F25E1DF291CD13B00484F90 /* FirebaseAnalytics */,
				5F25E1E1291CD13B00484F90 /* FirebaseAuth */,
				5F25E1E3291CD13B00484F90 /* FirebaseDatabase */,
				5F25E1E5291CD13B00484F90 /* FirebaseFirestore */,
			);
			productName = EquipmentMaintainance;
			productReference = 5F25E1C4291CBBD600484F90 /* EquipmentMaintainance.app */;
			productType = "com.apple.product-type.application";
		};
/* End PBXNativeTarget section */

/* Begin PBXProject section */
		5F25E1BC291CBBD600484F90 /* Project object */ = {
			isa = PBXProject;
			attributes = {
				BuildIndependentTargetsInParallel = 1;
				LastSwiftUpdateCheck = 1400;
				LastUpgradeCheck = 1400;
				TargetAttributes = {
					5F25E1C3291CBBD600484F90 = {
						CreatedOnToolsVersion = 14.0.1;
					};
				};
			};
			buildConfigurationList = 5F25E1BF291CBBD600484F90 /* Build configuration list for PBXProject "EquipmentMaintainance" */;
			compatibilityVersion = "Xcode 14.0";
			developmentRegion = en;
			hasScannedForEncodings = 0;
			knownRegions = (
				en,
				Base,
			);
			mainGroup = 5F25E1BB291CBBD600484F90;
			packageReferences = (
				5F25E1DE291CD13B00484F90 /* XCRemoteSwiftPackageReference "firebase-ios-sdk" */,
			);
			productRefGroup = 5F25E1C5291CBBD600484F90 /* Products */;
			projectDirPath = "";
			projectRoot = "";
			targets = (
				5F25E1C3291CBBD600484F90 /* EquipmentMaintainance */,
			);
		};
/* End PBXProject section */

/* Begin PBXResourcesBuildPhase section */
		5F25E1C2291CBBD600484F90 /* Resources */ = {
			isa = PBXResourcesBuildPhase;
			buildActionMask = 2147483647;
			files = (
				5F25E1D4291CBBD800484F90 /* LaunchScreen.storyboard in Resources */,
				5F25E1DC291CC29100484F90 /* GoogleService-Info.plist in Resources */,
				5F25E1D1291CBBD800484F90 /* Assets.xcassets in Resources */,
				5F25E1CF291CBBD600484F90 /* Main.storyboard in Resources */,
			);
			runOnlyForDeploymentPostprocessing = 0;
		};
/* End PBXResourcesBuildPhase section */

/* Begin PBXShellScriptBuildPhase section */
		0994F487F90CB7E47C39AF5C /* [CP] Embed Pods Frameworks */ = {
			isa = PBXShellScriptBuildPhase;
			buildActionMask = 2147483647;
			files = (
			);
			inputFileListPaths = (
				"${PODS_ROOT}/Target Support Files/Pods-EquipmentMaintainance/Pods-EquipmentMaintainance-frameworks-${CONFIGURATION}-input-files.xcfilelist",
			);
			name = "[CP] Embed Pods Frameworks";
			outputFileListPaths = (
				"${PODS_ROOT}/Target Support Files/Pods-EquipmentMaintainance/Pods-EquipmentMaintainance-frameworks-${CONFIGURATION}-output-files.xcfilelist",
			);
			runOnlyForDeploymentPostprocessing = 0;
			shellPath = /bin/sh;
			shellScript = "\"${PODS_ROOT}/Target Support Files/Pods-EquipmentMaintainance/Pods-EquipmentMaintainance-frameworks.sh\"\n";
			showEnvVarsInLog = 0;
		};
		4D0EC29695201AC5A0D133E4 /* [CP] Check Pods Manifest.lock */ = {
			isa = PBXShellScriptBuildPhase;
			buildActionMask = 2147483647;
			files = (
			);
			inputFileListPaths = (
			);
			inputPaths = (
				"${PODS_PODFILE_DIR_PATH}/Podfile.lock",
				"${PODS_ROOT}/Manifest.lock",
			);
			name = "[CP] Check Pods Manifest.lock";
			outputFileListPaths = (
			);
			outputPaths = (
				"$(DERIVED_FILE_DIR)/Pods-EquipmentMaintainance-checkManifestLockResult.txt",
			);
			runOnlyForDeploymentPostprocessing = 0;
			shellPath = /bin/sh;
			shellScript = "diff \"${PODS_PODFILE_DIR_PATH}/Podfile.lock\" \"${PODS_ROOT}/Manifest.lock\" > /dev/null\nif [ $? != 0 ] ; then\n    # print error to STDERR\n    echo \"error: The sandbox is not in sync with the Podfile.lock. Run 'pod install' or update your CocoaPods installation.\" >&2\n    exit 1\nfi\n# This output is used by Xcode 'outputs' to avoid re-running this script phase.\necho \"SUCCESS\" > \"${SCRIPT_OUTPUT_FILE_0}\"\n";
			showEnvVarsInLog = 0;
		};
/* End PBXShellScriptBuildPhase section */

/* Begin PBXSourcesBuildPhase section */
		5F25E1C0291CBBD600484F90 /* Sources */ = {
			isa = PBXSourcesBuildPhase;
			buildActionMask = 2147483647;
			files = (
				5F25E1E9291CD46000484F90 /* StringExtensions.swift in Sources */,
				5F25E1CC291CBBD600484F90 /* ViewController.swift in Sources */,
				5F25E1C8291CBBD600484F90 /* AppDelegate.swift in Sources */,
				5F25E1EB291CDBFE00484F90 /* KeychainService.swift in Sources */,
				5F25E1CA291CBBD600484F90 /* SceneDelegate.swift in Sources */,
			);
			runOnlyForDeploymentPostprocessing = 0;
		};
/* End PBXSourcesBuildPhase section */

/* Begin PBXVariantGroup section */
		5F25E1CD291CBBD600484F90 /* Main.storyboard */ = {
			isa = PBXVariantGroup;
			children = (
				5F25E1CE291CBBD600484F90 /* Base */,
			);
			name = Main.storyboard;
			sourceTree = "<group>";
		};
		5F25E1D2291CBBD800484F90 /* LaunchScreen.storyboard */ = {
			isa = PBXVariantGroup;
			children = (
				5F25E1D3291CBBD800484F90 /* Base */,
			);
			name = LaunchScreen.storyboard;
			sourceTree = "<group>";
		};
/* End PBXVariantGroup section */

/* Begin XCBuildConfiguration section */
		5F25E1D6291CBBD800484F90 /* Debug */ = {
			isa = XCBuildConfiguration;
			buildSettings = {
				ALWAYS_SEARCH_USER_PATHS = NO;
				CLANG_ANALYZER_NONNULL = YES;
				CLANG_ANALYZER_NUMBER_OBJECT_CONVERSION = YES_AGGRESSIVE;
				CLANG_CXX_LANGUAGE_STANDARD = "gnu++20";
				CLANG_ENABLE_MODULES = YES;
				CLANG_ENABLE_OBJC_ARC = YES;
				CLANG_ENABLE_OBJC_WEAK = YES;
				CLANG_WARN_BLOCK_CAPTURE_AUTORELEASING = YES;
				CLANG_WARN_BOOL_CONVERSION = YES;
				CLANG_WARN_COMMA = YES;
				CLANG_WARN_CONSTANT_CONVERSION = YES;
				CLANG_WARN_DEPRECATED_OBJC_IMPLEMENTATIONS = YES;
				CLANG_WARN_DIRECT_OBJC_ISA_USAGE = YES_ERROR;
				CLANG_WARN_DOCUMENTATION_COMMENTS = YES;
				CLANG_WARN_EMPTY_BODY = YES;
				CLANG_WARN_ENUM_CONVERSION = YES;
				CLANG_WARN_INFINITE_RECURSION = YES;
				CLANG_WARN_INT_CONVERSION = YES;
				CLANG_WARN_NON_LITERAL_NULL_CONVERSION = YES;
				CLANG_WARN_OBJC_IMPLICIT_RETAIN_SELF = YES;
				CLANG_WARN_OBJC_LITERAL_CONVERSION = YES;
				CLANG_WARN_OBJC_ROOT_CLASS = YES_ERROR;
				CLANG_WARN_QUOTED_INCLUDE_IN_FRAMEWORK_HEADER = YES;
				CLANG_WARN_RANGE_LOOP_ANALYSIS = YES;
				CLANG_WARN_STRICT_PROTOTYPES = YES;
				CLANG_WARN_SUSPICIOUS_MOVE = YES;
				CLANG_WARN_UNGUARDED_AVAILABILITY = YES_AGGRESSIVE;
				CLANG_WARN_UNREACHABLE_CODE = YES;
				CLANG_WARN__DUPLICATE_METHOD_MATCH = YES;
				COPY_PHASE_STRIP = NO;
				DEBUG_INFORMATION_FORMAT = dwarf;
				ENABLE_STRICT_OBJC_MSGSEND = YES;
				ENABLE_TESTABILITY = YES;
				GCC_C_LANGUAGE_STANDARD = gnu11;
				GCC_DYNAMIC_NO_PIC = NO;
				GCC_NO_COMMON_BLOCKS = YES;
				GCC_OPTIMIZATION_LEVEL = 0;
				GCC_PREPROCESSOR_DEFINITIONS = (
					"DEBUG=1",
					"$(inherited)",
				);
				GCC_WARN_64_TO_32_BIT_CONVERSION = YES;
				GCC_WARN_ABOUT_RETURN_TYPE = YES_ERROR;
				GCC_WARN_UNDECLARED_SELECTOR = YES;
				GCC_WARN_UNINITIALIZED_AUTOS = YES_AGGRESSIVE;
				GCC_WARN_UNUSED_FUNCTION = YES;
				GCC_WARN_UNUSED_VARIABLE = YES;
				IPHONEOS_DEPLOYMENT_TARGET = 16.0;
				MTL_ENABLE_DEBUG_INFO = INCLUDE_SOURCE;
				MTL_FAST_MATH = YES;
				ONLY_ACTIVE_ARCH = YES;
				SDKROOT = iphoneos;
				SWIFT_ACTIVE_COMPILATION_CONDITIONS = DEBUG;
				SWIFT_OPTIMIZATION_LEVEL = "-Onone";
			};
			name = Debug;
		};
		5F25E1D7291CBBD800484F90 /* Release */ = {
			isa = XCBuildConfiguration;
			buildSettings = {
				ALWAYS_SEARCH_USER_PATHS = NO;
				CLANG_ANALYZER_NONNULL = YES;
				CLANG_ANALYZER_NUMBER_OBJECT_CONVERSION = YES_AGGRESSIVE;
				CLANG_CXX_LANGUAGE_STANDARD = "gnu++20";
				CLANG_ENABLE_MODULES = YES;
				CLANG_ENABLE_OBJC_ARC = YES;
				CLANG_ENABLE_OBJC_WEAK = YES;
				CLANG_WARN_BLOCK_CAPTURE_AUTORELEASING = YES;
				CLANG_WARN_BOOL_CONVERSION = YES;
				CLANG_WARN_COMMA = YES;
				CLANG_WARN_CONSTANT_CONVERSION = YES;
				CLANG_WARN_DEPRECATED_OBJC_IMPLEMENTATIONS = YES;
				CLANG_WARN_DIRECT_OBJC_ISA_USAGE = YES_ERROR;
				CLANG_WARN_DOCUMENTATION_COMMENTS = YES;
				CLANG_WARN_EMPTY_BODY = YES;
				CLANG_WARN_ENUM_CONVERSION = YES;
				CLANG_WARN_INFINITE_RECURSION = YES;
				CLANG_WARN_INT_CONVERSION = YES;
				CLANG_WARN_NON_LITERAL_NULL_CONVERSION = YES;
				CLANG_WARN_OBJC_IMPLICIT_RETAIN_SELF = YES;
				CLANG_WARN_OBJC_LITERAL_CONVERSION = YES;
				CLANG_WARN_OBJC_ROOT_CLASS = YES_ERROR;
				CLANG_WARN_QUOTED_INCLUDE_IN_FRAMEWORK_HEADER = YES;
				CLANG_WARN_RANGE_LOOP_ANALYSIS = YES;
				CLANG_WARN_STRICT_PROTOTYPES = YES;
				CLANG_WARN_SUSPICIOUS_MOVE = YES;
				CLANG_WARN_UNGUARDED_AVAILABILITY = YES_AGGRESSIVE;
				CLANG_WARN_UNREACHABLE_CODE = YES;
				CLANG_WARN__DUPLICATE_METHOD_MATCH = YES;
				COPY_PHASE_STRIP = NO;
				DEBUG_INFORMATION_FORMAT = "dwarf-with-dsym";
				ENABLE_NS_ASSERTIONS = NO;
				ENABLE_STRICT_OBJC_MSGSEND = YES;
				GCC_C_LANGUAGE_STANDARD = gnu11;
				GCC_NO_COMMON_BLOCKS = YES;
				GCC_WARN_64_TO_32_BIT_CONVERSION = YES;
				GCC_WARN_ABOUT_RETURN_TYPE = YES_ERROR;
				GCC_WARN_UNDECLARED_SELECTOR = YES;
				GCC_WARN_UNINITIALIZED_AUTOS = YES_AGGRESSIVE;
				GCC_WARN_UNUSED_FUNCTION = YES;
				GCC_WARN_UNUSED_VARIABLE = YES;
				IPHONEOS_DEPLOYMENT_TARGET = 16.0;
				MTL_ENABLE_DEBUG_INFO = NO;
				MTL_FAST_MATH = YES;
				SDKROOT = iphoneos;
				SWIFT_COMPILATION_MODE = wholemodule;
				SWIFT_OPTIMIZATION_LEVEL = "-O";
				VALIDATE_PRODUCT = YES;
			};
			name = Release;
		};
		5F25E1D9291CBBD800484F90 /* Debug */ = {
			isa = XCBuildConfiguration;
			baseConfigurationReference = 4C6742C195235E6848E41003 /* Pods-EquipmentMaintainance.debug.xcconfig */;
			buildSettings = {
				ASSETCATALOG_COMPILER_APPICON_NAME = AppIcon;
				ASSETCATALOG_COMPILER_GLOBAL_ACCENT_COLOR_NAME = AccentColor;
				CODE_SIGN_STYLE = Automatic;
				CURRENT_PROJECT_VERSION = 1;
				DEVELOPMENT_TEAM = PBL5KKWVQV;
				GENERATE_INFOPLIST_FILE = YES;
				INFOPLIST_FILE = EquipmentMaintainance/Info.plist;
				INFOPLIST_KEY_UIApplicationSupportsIndirectInputEvents = YES;
				INFOPLIST_KEY_UILaunchStoryboardName = LaunchScreen;
				INFOPLIST_KEY_UIMainStoryboardFile = Main;
				INFOPLIST_KEY_UISupportedInterfaceOrientations_iPad = "UIInterfaceOrientationPortrait UIInterfaceOrientationPortraitUpsideDown UIInterfaceOrientationLandscapeLeft UIInterfaceOrientationLandscapeRight";
				INFOPLIST_KEY_UISupportedInterfaceOrientations_iPhone = "UIInterfaceOrientationPortrait UIInterfaceOrientationLandscapeLeft UIInterfaceOrientationLandscapeRight";
				LD_RUNPATH_SEARCH_PATHS = (
					"$(inherited)",
					"@executable_path/Frameworks",
				);
				MARKETING_VERSION = 1.0;
				PRODUCT_BUNDLE_IDENTIFIER = edu.northeastern.fangqi.EquipmentMaintainance;
				PRODUCT_NAME = "$(TARGET_NAME)";
				SWIFT_EMIT_LOC_STRINGS = YES;
				SWIFT_VERSION = 5.0;
				TARGETED_DEVICE_FAMILY = "1,2";
			};
			name = Debug;
		};
		5F25E1DA291CBBD800484F90 /* Release */ = {
			isa = XCBuildConfiguration;
			baseConfigurationReference = 832C6002D940A379855EE905 /* Pods-EquipmentMaintainance.release.xcconfig */;
			buildSettings = {
				ASSETCATALOG_COMPILER_APPICON_NAME = AppIcon;
				ASSETCATALOG_COMPILER_GLOBAL_ACCENT_COLOR_NAME = AccentColor;
				CODE_SIGN_STYLE = Automatic;
				CURRENT_PROJECT_VERSION = 1;
				DEVELOPMENT_TEAM = PBL5KKWVQV;
				GENERATE_INFOPLIST_FILE = YES;
				INFOPLIST_FILE = EquipmentMaintainance/Info.plist;
				INFOPLIST_KEY_UIApplicationSupportsIndirectInputEvents = YES;
				INFOPLIST_KEY_UILaunchStoryboardName = LaunchScreen;
				INFOPLIST_KEY_UIMainStoryboardFile = Main;
				INFOPLIST_KEY_UISupportedInterfaceOrientations_iPad = "UIInterfaceOrientationPortrait UIInterfaceOrientationPortraitUpsideDown UIInterfaceOrientationLandscapeLeft UIInterfaceOrientationLandscapeRight";
				INFOPLIST_KEY_UISupportedInterfaceOrientations_iPhone = "UIInterfaceOrientationPortrait UIInterfaceOrientationLandscapeLeft UIInterfaceOrientationLandscapeRight";
				LD_RUNPATH_SEARCH_PATHS = (
					"$(inherited)",
					"@executable_path/Frameworks",
				);
				MARKETING_VERSION = 1.0;
				PRODUCT_BUNDLE_IDENTIFIER = edu.northeastern.fangqi.EquipmentMaintainance;
				PRODUCT_NAME = "$(TARGET_NAME)";
				SWIFT_EMIT_LOC_STRINGS = YES;
				SWIFT_VERSION = 5.0;
				TARGETED_DEVICE_FAMILY = "1,2";
			};
			name = Release;
		};
/* End XCBuildConfiguration section */

/* Begin XCConfigurationList section */
		5F25E1BF291CBBD600484F90 /* Build configuration list for PBXProject "EquipmentMaintainance" */ = {
			isa = XCConfigurationList;
			buildConfigurations = (
				5F25E1D6291CBBD800484F90 /* Debug */,
				5F25E1D7291CBBD800484F90 /* Release */,
			);
			defaultConfigurationIsVisible = 0;
			defaultConfigurationName = Release;
		};
		5F25E1D8291CBBD800484F90 /* Build configuration list for PBXNativeTarget "EquipmentMaintainance" */ = {
			isa = XCConfigurationList;
			buildConfigurations = (
				5F25E1D9291CBBD800484F90 /* Debug */,
				5F25E1DA291CBBD800484F90 /* Release */,
			);
			defaultConfigurationIsVisible = 0;
			defaultConfigurationName = Release;
		};
/* End XCConfigurationList section */

/* Begin XCRemoteSwiftPackageReference section */
		5F25E1DE291CD13B00484F90 /* XCRemoteSwiftPackageReference "firebase-ios-sdk" */ = {
			isa = XCRemoteSwiftPackageReference;
			repositoryURL = "https://github.com/firebase/firebase-ios-sdk";
			requirement = {
				branch = master;
				kind = branch;
			};
		};
/* End XCRemoteSwiftPackageReference section */

/* Begin XCSwiftPackageProductDependency section */
		5F25E1DF291CD13B00484F90 /* FirebaseAnalytics */ = {
			isa = XCSwiftPackageProductDependency;
			package = 5F25E1DE291CD13B00484F90 /* XCRemoteSwiftPackageReference "firebase-ios-sdk" */;
			productName = FirebaseAnalytics;
		};
		5F25E1E1291CD13B00484F90 /* FirebaseAuth */ = {
			isa = XCSwiftPackageProductDependency;
			package = 5F25E1DE291CD13B00484F90 /* XCRemoteSwiftPackageReference "firebase-ios-sdk" */;
			productName = FirebaseAuth;
		};
		5F25E1E3291CD13B00484F90 /* FirebaseDatabase */ = {
			isa = XCSwiftPackageProductDependency;
			package = 5F25E1DE291CD13B00484F90 /* XCRemoteSwiftPackageReference "firebase-ios-sdk" */;
			productName = FirebaseDatabase;
		};
		5F25E1E5291CD13B00484F90 /* FirebaseFirestore */ = {
			isa = XCSwiftPackageProductDependency;
			package = 5F25E1DE291CD13B00484F90 /* XCRemoteSwiftPackageReference "firebase-ios-sdk" */;
			productName = FirebaseFirestore;
		};
/* End XCSwiftPackageProductDependency section */
	};
	rootObject = 5F25E1BC291CBBD600484F90 /* Project object */;
}
