// !$*UTF8*$!
{
	archiveVersion = 1;
	classes = {
	};
	objectVersion = 56;
	objects = {

/* Begin PBXBuildFile section */
		13D795D116E7BE4AAB54DBA5 /* Pods_InstaTok.framework in Frameworks */ = {isa = PBXBuildFile; fileRef = 899C31C91D3960485343555E /* Pods_InstaTok.framework */; };
		5F04063D2927003200EB1EA6 /* AppDelegate.swift in Sources */ = {isa = PBXBuildFile; fileRef = 5F04063C2927003200EB1EA6 /* AppDelegate.swift */; };
		5F04063F2927003200EB1EA6 /* SceneDelegate.swift in Sources */ = {isa = PBXBuildFile; fileRef = 5F04063E2927003200EB1EA6 /* SceneDelegate.swift */; };
		5F0406462927003400EB1EA6 /* Assets.xcassets in Resources */ = {isa = PBXBuildFile; fileRef = 5F0406452927003400EB1EA6 /* Assets.xcassets */; };
		5F0406492927003400EB1EA6 /* LaunchScreen.storyboard in Resources */ = {isa = PBXBuildFile; fileRef = 5F0406472927003400EB1EA6 /* LaunchScreen.storyboard */; };
		5F0406512927023900EB1EA6 /* GoogleService-Info.plist in Resources */ = {isa = PBXBuildFile; fileRef = 5F0406502927023900EB1EA6 /* GoogleService-Info.plist */; };
		5F040654292705E000EB1EA6 /* LoginViewController.swift in Sources */ = {isa = PBXBuildFile; fileRef = 5F040653292705E000EB1EA6 /* LoginViewController.swift */; };
		5F307CDD29281D4B006DB2DA /* PostsClass.swift in Sources */ = {isa = PBXBuildFile; fileRef = 5F307CDC29281D4B006DB2DA /* PostsClass.swift */; };
		5F61A5552927323A0003EBC3 /* KeyChainService.swift in Sources */ = {isa = PBXBuildFile; fileRef = 5F61A5542927323A0003EBC3 /* KeyChainService.swift */; };
		5F61A557292736D70003EBC3 /* DashboardViewController.swift in Sources */ = {isa = PBXBuildFile; fileRef = 5F61A556292736D70003EBC3 /* DashboardViewController.swift */; };
		5F61A55A29273A610003EBC3 /* AddAPostViewController.swift in Sources */ = {isa = PBXBuildFile; fileRef = 5F61A55929273A610003EBC3 /* AddAPostViewController.swift */; };
		5F61A55D292762190003EBC3 /* ImagePostTableViewCell.swift in Sources */ = {isa = PBXBuildFile; fileRef = 5F61A55B292762180003EBC3 /* ImagePostTableViewCell.swift */; };
		5F61A55E292762190003EBC3 /* ImagePostTableViewCell.xib in Resources */ = {isa = PBXBuildFile; fileRef = 5F61A55C292762180003EBC3 /* ImagePostTableViewCell.xib */; };
		5FE27DAF29270C5F005C8226 /* Main.storyboard in Resources */ = {isa = PBXBuildFile; fileRef = 5FE27DAE29270C5F005C8226 /* Main.storyboard */; };
		5FE27DB229270D40005C8226 /* StringUtilities.swift in Sources */ = {isa = PBXBuildFile; fileRef = 5FE27DB129270D40005C8226 /* StringUtilities.swift */; };
/* End PBXBuildFile section */

/* Begin PBXFileReference section */
		1545F35D5F23A8BCB9CD0406 /* Pods-InstaTok.debug.xcconfig */ = {isa = PBXFileReference; includeInIndex = 1; lastKnownFileType = text.xcconfig; name = "Pods-InstaTok.debug.xcconfig"; path = "Target Support Files/Pods-InstaTok/Pods-InstaTok.debug.xcconfig"; sourceTree = "<group>"; };
		5F0406392927003200EB1EA6 /* InstaTok.app */ = {isa = PBXFileReference; explicitFileType = wrapper.application; includeInIndex = 0; path = InstaTok.app; sourceTree = BUILT_PRODUCTS_DIR; };
		5F04063C2927003200EB1EA6 /* AppDelegate.swift */ = {isa = PBXFileReference; lastKnownFileType = sourcecode.swift; path = AppDelegate.swift; sourceTree = "<group>"; };
		5F04063E2927003200EB1EA6 /* SceneDelegate.swift */ = {isa = PBXFileReference; lastKnownFileType = sourcecode.swift; path = SceneDelegate.swift; sourceTree = "<group>"; };
		5F0406452927003400EB1EA6 /* Assets.xcassets */ = {isa = PBXFileReference; lastKnownFileType = folder.assetcatalog; path = Assets.xcassets; sourceTree = "<group>"; };
		5F0406482927003400EB1EA6 /* Base */ = {isa = PBXFileReference; lastKnownFileType = file.storyboard; name = Base; path = Base.lproj/LaunchScreen.storyboard; sourceTree = "<group>"; };
		5F04064A2927003400EB1EA6 /* Info.plist */ = {isa = PBXFileReference; lastKnownFileType = text.plist.xml; path = Info.plist; sourceTree = "<group>"; };
		5F0406502927023900EB1EA6 /* GoogleService-Info.plist */ = {isa = PBXFileReference; fileEncoding = 4; lastKnownFileType = text.plist.xml; name = "GoogleService-Info.plist"; path = "../../../../Downloads/GoogleService-Info.plist"; sourceTree = "<group>"; };
		5F040653292705E000EB1EA6 /* LoginViewController.swift */ = {isa = PBXFileReference; lastKnownFileType = sourcecode.swift; path = LoginViewController.swift; sourceTree = "<group>"; };
		5F307CDC29281D4B006DB2DA /* PostsClass.swift */ = {isa = PBXFileReference; lastKnownFileType = sourcecode.swift; path = PostsClass.swift; sourceTree = "<group>"; };
		5F61A5542927323A0003EBC3 /* KeyChainService.swift */ = {isa = PBXFileReference; lastKnownFileType = sourcecode.swift; path = KeyChainService.swift; sourceTree = "<group>"; };
		5F61A556292736D70003EBC3 /* DashboardViewController.swift */ = {isa = PBXFileReference; lastKnownFileType = sourcecode.swift; path = DashboardViewController.swift; sourceTree = "<group>"; };
		5F61A55929273A610003EBC3 /* AddAPostViewController.swift */ = {isa = PBXFileReference; lastKnownFileType = sourcecode.swift; path = AddAPostViewController.swift; sourceTree = "<group>"; };
		5F61A55B292762180003EBC3 /* ImagePostTableViewCell.swift */ = {isa = PBXFileReference; lastKnownFileType = sourcecode.swift; path = ImagePostTableViewCell.swift; sourceTree = "<group>"; };
		5F61A55C292762180003EBC3 /* ImagePostTableViewCell.xib */ = {isa = PBXFileReference; lastKnownFileType = file.xib; path = ImagePostTableViewCell.xib; sourceTree = "<group>"; };
		5FE27DAE29270C5F005C8226 /* Main.storyboard */ = {isa = PBXFileReference; lastKnownFileType = file.storyboard; path = Main.storyboard; sourceTree = "<group>"; };
		5FE27DB129270D40005C8226 /* StringUtilities.swift */ = {isa = PBXFileReference; lastKnownFileType = sourcecode.swift; path = StringUtilities.swift; sourceTree = "<group>"; };
		892471F61F06EBDDFA7BB36C /* Pods-InstaTok.release.xcconfig */ = {isa = PBXFileReference; includeInIndex = 1; lastKnownFileType = text.xcconfig; name = "Pods-InstaTok.release.xcconfig"; path = "Target Support Files/Pods-InstaTok/Pods-InstaTok.release.xcconfig"; sourceTree = "<group>"; };
		899C31C91D3960485343555E /* Pods_InstaTok.framework */ = {isa = PBXFileReference; explicitFileType = wrapper.framework; includeInIndex = 0; path = Pods_InstaTok.framework; sourceTree = BUILT_PRODUCTS_DIR; };
/* End PBXFileReference section */

/* Begin PBXFrameworksBuildPhase section */
		5F0406362927003200EB1EA6 /* Frameworks */ = {
			isa = PBXFrameworksBuildPhase;
			buildActionMask = 2147483647;
			files = (
				13D795D116E7BE4AAB54DBA5 /* Pods_InstaTok.framework in Frameworks */,
			);
			runOnlyForDeploymentPostprocessing = 0;
		};
/* End PBXFrameworksBuildPhase section */

/* Begin PBXGroup section */
		179DF0D30F0651D8FEB1D4BB /* Pods */ = {
			isa = PBXGroup;
			children = (
				1545F35D5F23A8BCB9CD0406 /* Pods-InstaTok.debug.xcconfig */,
				892471F61F06EBDDFA7BB36C /* Pods-InstaTok.release.xcconfig */,
			);
			path = Pods;
			sourceTree = "<group>";
		};
		5F0406302927003200EB1EA6 = {
			isa = PBXGroup;
			children = (
				5F04063B2927003200EB1EA6 /* InstaTok */,
				5F04063A2927003200EB1EA6 /* Products */,
				179DF0D30F0651D8FEB1D4BB /* Pods */,
				D406B4F1D6CAD134A6E17F40 /* Frameworks */,
			);
			sourceTree = "<group>";
		};
		5F04063A2927003200EB1EA6 /* Products */ = {
			isa = PBXGroup;
			children = (
				5F0406392927003200EB1EA6 /* InstaTok.app */,
			);
			name = Products;
			sourceTree = "<group>";
		};
		5F04063B2927003200EB1EA6 /* InstaTok */ = {
			isa = PBXGroup;
			children = (
				5F307CDB29281D26006DB2DA /* Models */,
				5F61A55829273A390003EBC3 /* AddAPost */,
				5FE27DB029270D1F005C8226 /* Utilities */,
				5F0406552927062300EB1EA6 /* Dashboard */,
				5F0406522927052800EB1EA6 /* Login */,
				5F04063C2927003200EB1EA6 /* AppDelegate.swift */,
				5F04063E2927003200EB1EA6 /* SceneDelegate.swift */,
				5F0406452927003400EB1EA6 /* Assets.xcassets */,
				5F0406472927003400EB1EA6 /* LaunchScreen.storyboard */,
				5F04064A2927003400EB1EA6 /* Info.plist */,
				5F0406502927023900EB1EA6 /* GoogleService-Info.plist */,
				5FE27DAE29270C5F005C8226 /* Main.storyboard */,
			);
			path = InstaTok;
			sourceTree = "<group>";
		};
		5F0406522927052800EB1EA6 /* Login */ = {
			isa = PBXGroup;
			children = (
				5F040653292705E000EB1EA6 /* LoginViewController.swift */,
			);
			path = Login;
			sourceTree = "<group>";
		};
		5F0406552927062300EB1EA6 /* Dashboard */ = {
			isa = PBXGroup;
			children = (
				5F61A556292736D70003EBC3 /* DashboardViewController.swift */,
				5F61A55B292762180003EBC3 /* ImagePostTableViewCell.swift */,
				5F61A55C292762180003EBC3 /* ImagePostTableViewCell.xib */,
			);
			path = Dashboard;
			sourceTree = "<group>";
		};
		5F307CDB29281D26006DB2DA /* Models */ = {
			isa = PBXGroup;
			children = (
				5F307CDC29281D4B006DB2DA /* PostsClass.swift */,
			);
			path = Models;
			sourceTree = "<group>";
		};
		5F61A55829273A390003EBC3 /* AddAPost */ = {
			isa = PBXGroup;
			children = (
				5F61A55929273A610003EBC3 /* AddAPostViewController.swift */,
			);
			path = AddAPost;
			sourceTree = "<group>";
		};
		5FE27DB029270D1F005C8226 /* Utilities */ = {
			isa = PBXGroup;
			children = (
				5FE27DB129270D40005C8226 /* StringUtilities.swift */,
				5F61A5542927323A0003EBC3 /* KeyChainService.swift */,
			);
			path = Utilities;
			sourceTree = "<group>";
		};
		D406B4F1D6CAD134A6E17F40 /* Frameworks */ = {
			isa = PBXGroup;
			children = (
				899C31C91D3960485343555E /* Pods_InstaTok.framework */,
			);
			name = Frameworks;
			sourceTree = "<group>";
		};
/* End PBXGroup section */

/* Begin PBXNativeTarget section */
		5F0406382927003200EB1EA6 /* InstaTok */ = {
			isa = PBXNativeTarget;
			buildConfigurationList = 5F04064D2927003400EB1EA6 /* Build configuration list for PBXNativeTarget "InstaTok" */;
			buildPhases = (
				DB5447DBFF58976CED52469C /* [CP] Check Pods Manifest.lock */,
				5F0406352927003200EB1EA6 /* Sources */,
				5F0406362927003200EB1EA6 /* Frameworks */,
				5F0406372927003200EB1EA6 /* Resources */,
				3D9D1B24B82ED5B428369CB9 /* [CP] Embed Pods Frameworks */,
			);
			buildRules = (
			);
			dependencies = (
			);
			name = InstaTok;
			productName = InstaTok;
			productReference = 5F0406392927003200EB1EA6 /* InstaTok.app */;
			productType = "com.apple.product-type.application";
		};
/* End PBXNativeTarget section */

/* Begin PBXProject section */
		5F0406312927003200EB1EA6 /* Project object */ = {
			isa = PBXProject;
			attributes = {
				BuildIndependentTargetsInParallel = 1;
				LastSwiftUpdateCheck = 1400;
				LastUpgradeCheck = 1400;
				TargetAttributes = {
					5F0406382927003200EB1EA6 = {
						CreatedOnToolsVersion = 14.0.1;
					};
				};
			};
			buildConfigurationList = 5F0406342927003200EB1EA6 /* Build configuration list for PBXProject "InstaTok" */;
			compatibilityVersion = "Xcode 14.0";
			developmentRegion = en;
			hasScannedForEncodings = 0;
			knownRegions = (
				en,
				Base,
			);
			mainGroup = 5F0406302927003200EB1EA6;
			productRefGroup = 5F04063A2927003200EB1EA6 /* Products */;
			projectDirPath = "";
			projectRoot = "";
			targets = (
				5F0406382927003200EB1EA6 /* InstaTok */,
			);
		};
/* End PBXProject section */

/* Begin PBXResourcesBuildPhase section */
		5F0406372927003200EB1EA6 /* Resources */ = {
			isa = PBXResourcesBuildPhase;
			buildActionMask = 2147483647;
			files = (
				5F0406492927003400EB1EA6 /* LaunchScreen.storyboard in Resources */,
				5F0406512927023900EB1EA6 /* GoogleService-Info.plist in Resources */,
				5F61A55E292762190003EBC3 /* ImagePostTableViewCell.xib in Resources */,
				5FE27DAF29270C5F005C8226 /* Main.storyboard in Resources */,
				5F0406462927003400EB1EA6 /* Assets.xcassets in Resources */,
			);
			runOnlyForDeploymentPostprocessing = 0;
		};
/* End PBXResourcesBuildPhase section */

/* Begin PBXShellScriptBuildPhase section */
		3D9D1B24B82ED5B428369CB9 /* [CP] Embed Pods Frameworks */ = {
			isa = PBXShellScriptBuildPhase;
			buildActionMask = 2147483647;
			files = (
			);
			inputFileListPaths = (
				"${PODS_ROOT}/Target Support Files/Pods-InstaTok/Pods-InstaTok-frameworks-${CONFIGURATION}-input-files.xcfilelist",
			);
			name = "[CP] Embed Pods Frameworks";
			outputFileListPaths = (
				"${PODS_ROOT}/Target Support Files/Pods-InstaTok/Pods-InstaTok-frameworks-${CONFIGURATION}-output-files.xcfilelist",
			);
			runOnlyForDeploymentPostprocessing = 0;
			shellPath = /bin/sh;
			shellScript = "\"${PODS_ROOT}/Target Support Files/Pods-InstaTok/Pods-InstaTok-frameworks.sh\"\n";
			showEnvVarsInLog = 0;
		};
		DB5447DBFF58976CED52469C /* [CP] Check Pods Manifest.lock */ = {
			isa = PBXShellScriptBuildPhase;
			buildActionMask = 2147483647;
			files = (
			);
			inputFileListPaths = (
			);
			inputPaths = (
				"${PODS_PODFILE_DIR_PATH}/Podfile.lock",
				"${PODS_ROOT}/Manifest.lock",
			);
			name = "[CP] Check Pods Manifest.lock";
			outputFileListPaths = (
			);
			outputPaths = (
				"$(DERIVED_FILE_DIR)/Pods-InstaTok-checkManifestLockResult.txt",
			);
			runOnlyForDeploymentPostprocessing = 0;
			shellPath = /bin/sh;
			shellScript = "diff \"${PODS_PODFILE_DIR_PATH}/Podfile.lock\" \"${PODS_ROOT}/Manifest.lock\" > /dev/null\nif [ $? != 0 ] ; then\n    # print error to STDERR\n    echo \"error: The sandbox is not in sync with the Podfile.lock. Run 'pod install' or update your CocoaPods installation.\" >&2\n    exit 1\nfi\n# This output is used by Xcode 'outputs' to avoid re-running this script phase.\necho \"SUCCESS\" > \"${SCRIPT_OUTPUT_FILE_0}\"\n";
			showEnvVarsInLog = 0;
		};
/* End PBXShellScriptBuildPhase section */

/* Begin PBXSourcesBuildPhase section */
		5F0406352927003200EB1EA6 /* Sources */ = {
			isa = PBXSourcesBuildPhase;
			buildActionMask = 2147483647;
			files = (
				5F307CDD29281D4B006DB2DA /* PostsClass.swift in Sources */,
				5F040654292705E000EB1EA6 /* LoginViewController.swift in Sources */,
				5F61A557292736D70003EBC3 /* DashboardViewController.swift in Sources */,
				5F04063D2927003200EB1EA6 /* AppDelegate.swift in Sources */,
				5F61A55D292762190003EBC3 /* ImagePostTableViewCell.swift in Sources */,
				5F61A5552927323A0003EBC3 /* KeyChainService.swift in Sources */,
				5F04063F2927003200EB1EA6 /* SceneDelegate.swift in Sources */,
				5FE27DB229270D40005C8226 /* StringUtilities.swift in Sources */,
				5F61A55A29273A610003EBC3 /* AddAPostViewController.swift in Sources */,
			);
			runOnlyForDeploymentPostprocessing = 0;
		};
/* End PBXSourcesBuildPhase section */

/* Begin PBXVariantGroup section */
		5F0406472927003400EB1EA6 /* LaunchScreen.storyboard */ = {
			isa = PBXVariantGroup;
			children = (
				5F0406482927003400EB1EA6 /* Base */,
			);
			name = LaunchScreen.storyboard;
			sourceTree = "<group>";
		};
/* End PBXVariantGroup section */

/* Begin XCBuildConfiguration section */
		5F04064B2927003400EB1EA6 /* Debug */ = {
			isa = XCBuildConfiguration;
			buildSettings = {
				ALWAYS_SEARCH_USER_PATHS = NO;
				CLANG_ANALYZER_NONNULL = YES;
				CLANG_ANALYZER_NUMBER_OBJECT_CONVERSION = YES_AGGRESSIVE;
				CLANG_CXX_LANGUAGE_STANDARD = "gnu++20";
				CLANG_ENABLE_MODULES = YES;
				CLANG_ENABLE_OBJC_ARC = YES;
				CLANG_ENABLE_OBJC_WEAK = YES;
				CLANG_WARN_BLOCK_CAPTURE_AUTORELEASING = YES;
				CLANG_WARN_BOOL_CONVERSION = YES;
				CLANG_WARN_COMMA = YES;
				CLANG_WARN_CONSTANT_CONVERSION = YES;
				CLANG_WARN_DEPRECATED_OBJC_IMPLEMENTATIONS = YES;
				CLANG_WARN_DIRECT_OBJC_ISA_USAGE = YES_ERROR;
				CLANG_WARN_DOCUMENTATION_COMMENTS = YES;
				CLANG_WARN_EMPTY_BODY = YES;
				CLANG_WARN_ENUM_CONVERSION = YES;
				CLANG_WARN_INFINITE_RECURSION = YES;
				CLANG_WARN_INT_CONVERSION = YES;
				CLANG_WARN_NON_LITERAL_NULL_CONVERSION = YES;
				CLANG_WARN_OBJC_IMPLICIT_RETAIN_SELF = YES;
				CLANG_WARN_OBJC_LITERAL_CONVERSION = YES;
				CLANG_WARN_OBJC_ROOT_CLASS = YES_ERROR;
				CLANG_WARN_QUOTED_INCLUDE_IN_FRAMEWORK_HEADER = YES;
				CLANG_WARN_RANGE_LOOP_ANALYSIS = YES;
				CLANG_WARN_STRICT_PROTOTYPES = YES;
				CLANG_WARN_SUSPICIOUS_MOVE = YES;
				CLANG_WARN_UNGUARDED_AVAILABILITY = YES_AGGRESSIVE;
				CLANG_WARN_UNREACHABLE_CODE = YES;
				CLANG_WARN__DUPLICATE_METHOD_MATCH = YES;
				COPY_PHASE_STRIP = NO;
				DEBUG_INFORMATION_FORMAT = dwarf;
				ENABLE_STRICT_OBJC_MSGSEND = YES;
				ENABLE_TESTABILITY = YES;
				GCC_C_LANGUAGE_STANDARD = gnu11;
				GCC_DYNAMIC_NO_PIC = NO;
				GCC_NO_COMMON_BLOCKS = YES;
				GCC_OPTIMIZATION_LEVEL = 0;
				GCC_PREPROCESSOR_DEFINITIONS = (
					"DEBUG=1",
					"$(inherited)",
				);
				GCC_WARN_64_TO_32_BIT_CONVERSION = YES;
				GCC_WARN_ABOUT_RETURN_TYPE = YES_ERROR;
				GCC_WARN_UNDECLARED_SELECTOR = YES;
				GCC_WARN_UNINITIALIZED_AUTOS = YES_AGGRESSIVE;
				GCC_WARN_UNUSED_FUNCTION = YES;
				GCC_WARN_UNUSED_VARIABLE = YES;
				IPHONEOS_DEPLOYMENT_TARGET = 16.0;
				MTL_ENABLE_DEBUG_INFO = INCLUDE_SOURCE;
				MTL_FAST_MATH = YES;
				ONLY_ACTIVE_ARCH = YES;
				SDKROOT = iphoneos;
				SWIFT_ACTIVE_COMPILATION_CONDITIONS = DEBUG;
				SWIFT_OPTIMIZATION_LEVEL = "-Onone";
			};
			name = Debug;
		};
		5F04064C2927003400EB1EA6 /* Release */ = {
			isa = XCBuildConfiguration;
			buildSettings = {
				ALWAYS_SEARCH_USER_PATHS = NO;
				CLANG_ANALYZER_NONNULL = YES;
				CLANG_ANALYZER_NUMBER_OBJECT_CONVERSION = YES_AGGRESSIVE;
				CLANG_CXX_LANGUAGE_STANDARD = "gnu++20";
				CLANG_ENABLE_MODULES = YES;
				CLANG_ENABLE_OBJC_ARC = YES;
				CLANG_ENABLE_OBJC_WEAK = YES;
				CLANG_WARN_BLOCK_CAPTURE_AUTORELEASING = YES;
				CLANG_WARN_BOOL_CONVERSION = YES;
				CLANG_WARN_COMMA = YES;
				CLANG_WARN_CONSTANT_CONVERSION = YES;
				CLANG_WARN_DEPRECATED_OBJC_IMPLEMENTATIONS = YES;
				CLANG_WARN_DIRECT_OBJC_ISA_USAGE = YES_ERROR;
				CLANG_WARN_DOCUMENTATION_COMMENTS = YES;
				CLANG_WARN_EMPTY_BODY = YES;
				CLANG_WARN_ENUM_CONVERSION = YES;
				CLANG_WARN_INFINITE_RECURSION = YES;
				CLANG_WARN_INT_CONVERSION = YES;
				CLANG_WARN_NON_LITERAL_NULL_CONVERSION = YES;
				CLANG_WARN_OBJC_IMPLICIT_RETAIN_SELF = YES;
				CLANG_WARN_OBJC_LITERAL_CONVERSION = YES;
				CLANG_WARN_OBJC_ROOT_CLASS = YES_ERROR;
				CLANG_WARN_QUOTED_INCLUDE_IN_FRAMEWORK_HEADER = YES;
				CLANG_WARN_RANGE_LOOP_ANALYSIS = YES;
				CLANG_WARN_STRICT_PROTOTYPES = YES;
				CLANG_WARN_SUSPICIOUS_MOVE = YES;
				CLANG_WARN_UNGUARDED_AVAILABILITY = YES_AGGRESSIVE;
				CLANG_WARN_UNREACHABLE_CODE = YES;
				CLANG_WARN__DUPLICATE_METHOD_MATCH = YES;
				COPY_PHASE_STRIP = NO;
				DEBUG_INFORMATION_FORMAT = "dwarf-with-dsym";
				ENABLE_NS_ASSERTIONS = NO;
				ENABLE_STRICT_OBJC_MSGSEND = YES;
				GCC_C_LANGUAGE_STANDARD = gnu11;
				GCC_NO_COMMON_BLOCKS = YES;
				GCC_WARN_64_TO_32_BIT_CONVERSION = YES;
				GCC_WARN_ABOUT_RETURN_TYPE = YES_ERROR;
				GCC_WARN_UNDECLARED_SELECTOR = YES;
				GCC_WARN_UNINITIALIZED_AUTOS = YES_AGGRESSIVE;
				GCC_WARN_UNUSED_FUNCTION = YES;
				GCC_WARN_UNUSED_VARIABLE = YES;
				IPHONEOS_DEPLOYMENT_TARGET = 16.0;
				MTL_ENABLE_DEBUG_INFO = NO;
				MTL_FAST_MATH = YES;
				SDKROOT = iphoneos;
				SWIFT_COMPILATION_MODE = wholemodule;
				SWIFT_OPTIMIZATION_LEVEL = "-O";
				VALIDATE_PRODUCT = YES;
			};
			name = Release;
		};
		5F04064E2927003400EB1EA6 /* Debug */ = {
			isa = XCBuildConfiguration;
			baseConfigurationReference = 1545F35D5F23A8BCB9CD0406 /* Pods-InstaTok.debug.xcconfig */;
			buildSettings = {
				ASSETCATALOG_COMPILER_APPICON_NAME = AppIcon;
				ASSETCATALOG_COMPILER_GLOBAL_ACCENT_COLOR_NAME = AccentColor;
				CODE_SIGN_STYLE = Automatic;
				CURRENT_PROJECT_VERSION = 1;
				DEVELOPMENT_TEAM = PBL5KKWVQV;
				GENERATE_INFOPLIST_FILE = YES;
				INFOPLIST_FILE = InstaTok/Info.plist;
				INFOPLIST_KEY_UIApplicationSupportsIndirectInputEvents = YES;
				INFOPLIST_KEY_UILaunchStoryboardName = LaunchScreen;
				INFOPLIST_KEY_UIMainStoryboardFile = Main;
				INFOPLIST_KEY_UISupportedInterfaceOrientations_iPad = "UIInterfaceOrientationPortrait UIInterfaceOrientationPortraitUpsideDown UIInterfaceOrientationLandscapeLeft UIInterfaceOrientationLandscapeRight";
				INFOPLIST_KEY_UISupportedInterfaceOrientations_iPhone = "UIInterfaceOrientationPortrait UIInterfaceOrientationLandscapeLeft UIInterfaceOrientationLandscapeRight";
				LD_RUNPATH_SEARCH_PATHS = (
					"$(inherited)",
					"@executable_path/Frameworks",
				);
				MARKETING_VERSION = 1.0;
				PRODUCT_BUNDLE_IDENTIFIER = edu.northeastern.fangqi.InstaTok;
				PRODUCT_NAME = "$(TARGET_NAME)";
				SWIFT_EMIT_LOC_STRINGS = YES;
				SWIFT_VERSION = 5.0;
				TARGETED_DEVICE_FAMILY = "1,2";
			};
			name = Debug;
		};
		5F04064F2927003400EB1EA6 /* Release */ = {
			isa = XCBuildConfiguration;
			baseConfigurationReference = 892471F61F06EBDDFA7BB36C /* Pods-InstaTok.release.xcconfig */;
			buildSettings = {
				ASSETCATALOG_COMPILER_APPICON_NAME = AppIcon;
				ASSETCATALOG_COMPILER_GLOBAL_ACCENT_COLOR_NAME = AccentColor;
				CODE_SIGN_STYLE = Automatic;
				CURRENT_PROJECT_VERSION = 1;
				DEVELOPMENT_TEAM = PBL5KKWVQV;
				GENERATE_INFOPLIST_FILE = YES;
				INFOPLIST_FILE = InstaTok/Info.plist;
				INFOPLIST_KEY_UIApplicationSupportsIndirectInputEvents = YES;
				INFOPLIST_KEY_UILaunchStoryboardName = LaunchScreen;
				INFOPLIST_KEY_UIMainStoryboardFile = Main;
				INFOPLIST_KEY_UISupportedInterfaceOrientations_iPad = "UIInterfaceOrientationPortrait UIInterfaceOrientationPortraitUpsideDown UIInterfaceOrientationLandscapeLeft UIInterfaceOrientationLandscapeRight";
				INFOPLIST_KEY_UISupportedInterfaceOrientations_iPhone = "UIInterfaceOrientationPortrait UIInterfaceOrientationLandscapeLeft UIInterfaceOrientationLandscapeRight";
				LD_RUNPATH_SEARCH_PATHS = (
					"$(inherited)",
					"@executable_path/Frameworks",
				);
				MARKETING_VERSION = 1.0;
				PRODUCT_BUNDLE_IDENTIFIER = edu.northeastern.fangqi.InstaTok;
				PRODUCT_NAME = "$(TARGET_NAME)";
				SWIFT_EMIT_LOC_STRINGS = YES;
				SWIFT_VERSION = 5.0;
				TARGETED_DEVICE_FAMILY = "1,2";
			};
			name = Release;
		};
/* End XCBuildConfiguration section */

/* Begin XCConfigurationList section */
		5F0406342927003200EB1EA6 /* Build configuration list for PBXProject "InstaTok" */ = {
			isa = XCConfigurationList;
			buildConfigurations = (
				5F04064B2927003400EB1EA6 /* Debug */,
				5F04064C2927003400EB1EA6 /* Release */,
			);
			defaultConfigurationIsVisible = 0;
			defaultConfigurationName = Release;
		};
		5F04064D2927003400EB1EA6 /* Build configuration list for PBXNativeTarget "InstaTok" */ = {
			isa = XCConfigurationList;
			buildConfigurations = (
				5F04064E2927003400EB1EA6 /* Debug */,
				5F04064F2927003400EB1EA6 /* Release */,
			);
			defaultConfigurationIsVisible = 0;
			defaultConfigurationName = Release;
		};
/* End XCConfigurationList section */
	};
	rootObject = 5F0406312927003200EB1EA6 /* Project object */;
}
